
Microsoft Visual Studio Solution File, Format Version 12.00
# Visual Studio Version 16
VisualStudioVersion = 16.0.31911.196
MinimumVisualStudioVersion = 10.0.40219.1
Project("{FAE04EC0-301F-11D3-BF4B-00C04F79EFBC}") = "VeriYapılarıFinal_1Proje", "VeriYapılarıFinal_1Proje\VeriYapılarıFinal_1Proje.csproj", "{E848A386-2640-4978-B0EA-351737180743}"
EndProject
Global
	GlobalSection(SolutionConfigurationPlatforms) = preSolution
		Debug|Any CPU = Debug|Any CPU
		Release|Any CPU = Release|Any CPU
	EndGlobalSection
	GlobalSection(ProjectConfigurationPlatforms) = postSolution
		{E848A386-2640-4978-B0EA-351737180743}.Debug|Any CPU.ActiveCfg = Debug|Any CPU
		{E848A386-2640-4978-B0EA-351737180743}.Debug|Any CPU.Build.0 = Debug|Any CPU
		{E848A386-2640-4978-B0EA-351737180743}.Release|Any CPU.ActiveCfg = Release|Any CPU
		{E848A386-2640-4978-B0EA-351737180743}.Release|Any CPU.Build.0 = Release|Any CPU
	EndGlobalSection
	GlobalSection(SolutionProperties) = preSolution
		HideSolutionNode = FALSE
	EndGlobalSection
	GlobalSection(ExtensibilityGlobals) = postSolution
		SolutionGuid = {D3016E11-ED9B-4126-B3E6-A97B782FFAEE}
	EndGlobalSection
EndGlobal
